<?xml version="1.0" encoding="utf-8"?>
<Project ToolsVersion="4.0" xmlns="http://schemas.microsoft.com/developer/msbuild/2003">
  <ItemGroup>
    <Filter Include="源文件">
      <UniqueIdentifier>{4FC737F1-C7A5-4376-A066-2A32D752A2FF}</UniqueIdentifier>
      <Extensions>cpp;c;cc;cxx;c++;cppm;ixx;def;odl;idl;hpj;bat;asm;asmx</Extensions>
    </Filter>
    <Filter Include="头文件">
      <UniqueIdentifier>{93995380-89BD-4b04-88EB-625FBE52EBFB}</UniqueIdentifier>
      <Extensions>h;hh;hpp;hxx;h++;hm;inl;inc;ipp;xsd</Extensions>
    </Filter>
    <Filter Include="资源文件">
      <UniqueIdentifier>{67DA6AB6-F800-4c08-8B7A-83BB121AAD01}</UniqueIdentifier>
      <Extensions>rc;ico;cur;bmp;dlg;rc2;rct;bin;rgs;gif;jpg;jpeg;jpe;resx;tiff;tif;png;wav;mfcribbon-ms</Extensions>
    </Filter>
    <Filter Include="源文件\GLLibrary">
      <UniqueIdentifier>{cb6fe013-07c2-48fd-8fe7-d923e032847d}</UniqueIdentifier>
    </Filter>
    <Filter Include="头文件\GLLibrary">
      <UniqueIdentifier>{0a1bd85e-5433-477d-81b1-a5cc342bb52c}</UniqueIdentifier>
    </Filter>
    <Filter Include="Git">
      <UniqueIdentifier>{7196a83f-9c96-4e76-a8fc-0abe309d7429}</UniqueIdentifier>
    </Filter>
  </ItemGroup>
  <ItemGroup>
    <ClCompile Include="main.cpp">
      <Filter>源文件</Filter>
    </ClCompile>
    <ClCompile Include="glad.c">
      <Filter>源文件\GLLibrary</Filter>
    </ClCompile>
    <ClCompile Include="glext.cpp">
      <Filter>源文件</Filter>
    </ClCompile>
    <ClCompile Include="cube.cpp">
      <Filter>源文件</Filter>
    </ClCompile>
    <ClCompile Include="font.cpp">
      <Filter>源文件</Filter>
    </ClCompile>
    <ClCompile Include="config.c">
      <Filter>源文件</Filter>
    </ClCompile>
  </ItemGroup>
  <ItemGroup>
    <ClInclude Include="err.h">
      <Filter>头文件</Filter>
    </ClInclude>
    <ClInclude Include="glext.h">
      <Filter>头文件</Filter>
    </ClInclude>
    <ClInclude Include="cube.h">
      <Filter>头文件</Filter>
    </ClInclude>
    <ClInclude Include="glext.hpp">
      <Filter>头文件</Filter>
    </ClInclude>
    <ClInclude Include="font.h">
      <Filter>头文件</Filter>
    </ClInclude>
    <ClInclude Include="list.h">
      <Filter>头文件</Filter>
    </ClInclude>
    <ClInclude Include="config.h">
      <Filter>头文件</Filter>
    </ClInclude>
  </ItemGroup>
  <ItemGroup>
    <Image Include="awesomeface.png">
      <Filter>资源文件</Filter>
    </Image>
    <Image Include="container.jpg">
      <Filter>资源文件</Filter>
    </Image>
    <Image Include="wall.jpg">
      <Filter>资源文件</Filter>
    </Image>
  </ItemGroup>
  <ItemGroup>
    <None Include="AllCodeMap.dgml" />
    <None Include=".gitignore">
      <Filter>Git</Filter>
    </None>
    <None Include="README.md">
      <Filter>Git</Filter>
    </None>
  </ItemGroup>
</Project>